
Microsoft Visual Studio Solution File, Format Version 12.00
# Visual Studio 14
VisualStudioVersion = 14.0.24720.0
MinimumVisualStudioVersion = 10.0.40219.1
Project("{FAE04EC0-301F-11D3-BF4B-00C04F79EFBC}") = "Participation ASP", "Participation ASP\Participation ASP.csproj", "{CDDD64EA-A28A-4B6B-AF97-14EAE63C2E5B}"
EndProject
Project("{FAE04EC0-301F-11D3-BF4B-00C04F79EFBC}") = "Particpation ASP Test", "Particpation ASP Test\Particpation ASP Test.csproj", "{4D2AEC03-34E5-4477-B621-8016397EA7D2}"
EndProject
Global
	GlobalSection(SolutionConfigurationPlatforms) = preSolution
		Debug|Any CPU = Debug|Any CPU
		Release|Any CPU = Release|Any CPU
	EndGlobalSection
	GlobalSection(ProjectConfigurationPlatforms) = postSolution
		{CDDD64EA-A28A-4B6B-AF97-14EAE63C2E5B}.Debug|Any CPU.ActiveCfg = Debug|Any CPU
		{CDDD64EA-A28A-4B6B-AF97-14EAE63C2E5B}.Debug|Any CPU.Build.0 = Debug|Any CPU
		{CDDD64EA-A28A-4B6B-AF97-14EAE63C2E5B}.Release|Any CPU.ActiveCfg = Release|Any CPU
		{CDDD64EA-A28A-4B6B-AF97-14EAE63C2E5B}.Release|Any CPU.Build.0 = Release|Any CPU
		{4D2AEC03-34E5-4477-B621-8016397EA7D2}.Debug|Any CPU.ActiveCfg = Debug|Any CPU
		{4D2AEC03-34E5-4477-B621-8016397EA7D2}.Debug|Any CPU.Build.0 = Debug|Any CPU
		{4D2AEC03-34E5-4477-B621-8016397EA7D2}.Release|Any CPU.ActiveCfg = Release|Any CPU
		{4D2AEC03-34E5-4477-B621-8016397EA7D2}.Release|Any CPU.Build.0 = Release|Any CPU
	EndGlobalSection
	GlobalSection(SolutionProperties) = preSolution
		HideSolutionNode = FALSE
	EndGlobalSection
EndGlobal
